%{
  "bypass": {:hex, :bypass, "2.1.0", "909782781bf8e20ee86a9cabde36b259d44af8b9f38756173e8f5e2e1fabb9b1", [:mix], [{:plug, "~> 1.7", [hex: :plug, repo: "hexpm", optional: false]}, {:plug_cowboy, "~> 2.0", [hex: :plug_cowboy, repo: "hexpm", optional: false]}, {:ranch, "~> 1.3", [hex: :ranch, repo: "hexpm", optional: false]}], "hexpm", "d9b5df8fa5b7a6efa08384e9bbecfe4ce61c77d28a4282f79e02f1ef78d96b80"},
  "castore": {:hex, :castore, "0.1.13", "ccf3ab251ffaebc4319f41d788ce59a6ab3f42b6c27e598ad838ffecee0b04f9", [:mix], [], "hexpm", "a14a7eecfec7e20385493dbb92b0d12c5d77ecfd6307de10102d58c94e8c49c0"},
  "cowboy": {:hex, :cowboy, "2.9.0", "865dd8b6607e14cf03282e10e934023a1bd8be6f6bacf921a7e2a96d800cd452", [:make, :rebar3], [{:cowlib, "2.11.0", [hex: :cowlib, repo: "hexpm", optional: false]}, {:ranch, "1.8.0", [hex: :ranch, repo: "hexpm", optional: false]}], "hexpm", "2c729f934b4e1aa149aff882f57c6372c15399a20d54f65c8d67bef583021bde"},
  "cowboy_telemetry": {:hex, :cowboy_telemetry, "0.4.0", "f239f68b588efa7707abce16a84d0d2acf3a0f50571f8bb7f56a15865aae820c", [:rebar3], [{:cowboy, "~> 2.7", [hex: :cowboy, repo: "hexpm", optional: false]}, {:telemetry, "~> 1.0", [hex: :telemetry, repo: "hexpm", optional: false]}], "hexpm", "7d98bac1ee4565d31b62d59f8823dfd8356a169e7fcbb83831b8a5397404c9de"},
  "cowlib": {:hex, :cowlib, "2.11.0", "0b9ff9c346629256c42ebe1eeb769a83c6cb771a6ee5960bd110ab0b9b872063", [:make, :rebar3], [], "hexpm", "2b3e9da0b21c4565751a6d4901c20d1b4cc25cbb7fd50d91d2ab6dd287bc86a9"},
  "decimal": {:hex, :decimal, "2.0.0", "a78296e617b0f5dd4c6caf57c714431347912ffb1d0842e998e9792b5642d697", [:mix], [], "hexpm", "34666e9c55dea81013e77d9d87370fe6cb6291d1ef32f46a1600230b1d44f577"},
  "ecto": {:hex, :ecto, "3.8.4", "e06b8b87e62b27fea17fd2ff6041572ddd10339fd16cdf58446e402c6c90a74b", [:mix], [{:decimal, "~> 1.6 or ~> 2.0", [hex: :decimal, repo: "hexpm", optional: false]}, {:jason, "~> 1.0", [hex: :jason, repo: "hexpm", optional: true]}, {:telemetry, "~> 0.4 or ~> 1.0", [hex: :telemetry, repo: "hexpm", optional: false]}], "hexpm", "f9244288b8d42db40515463a008cf3f4e0e564bb9c249fe87bf28a6d79fe82d4"},
  "eiconv": {:hex, :eiconv, "1.0.0", "ee1e47ee37799a05beff7a68d61f63cccc93101833c4fb94b454c23b12a21629", [:rebar3], [], "hexpm", "8c80851decf72fc4571a70278d7932e9a87437770322077ecf797533fbb792cd"},
  "etso": {:hex, :etso, "0.1.6", "174b6d66c4a509e1a205564a8a4103e3a342dc05d8669a320275a1a154b14b8b", [:mix], [{:ecto, "~> 3.0", [hex: :ecto, repo: "hexpm", optional: false]}], "hexpm", "664431097b2e2abf6c8827e806f7bce03eaff73c7811b96d270711836a4132f3"},
  "finch": {:hex, :finch, "0.8.3", "54455e5141ef23962abc1252fadde019a125e472d741962d595bdf5083241ec9", [:mix], [{:castore, "~> 0.1", [hex: :castore, repo: "hexpm", optional: false]}, {:mint, "~> 1.3", [hex: :mint, repo: "hexpm", optional: false]}, {:nimble_options, "~> 0.3.5", [hex: :nimble_options, repo: "hexpm", optional: false]}, {:nimble_pool, "~> 0.2", [hex: :nimble_pool, repo: "hexpm", optional: false]}, {:telemetry, "~> 0.4 or ~> 1.0", [hex: :telemetry, repo: "hexpm", optional: false]}], "hexpm", "9d12a283dbaa60fd789aba5be5b918a107e725f2e9516cddc460fbbb6802e0d7"},
  "gen_smtp": {:hex, :gen_smtp, "0.14.0", "39846a03522456077c6429b4badfd1d55e5e7d0fdfb65e935b7c5e38549d9202", [:rebar3], [], "hexpm", "d32d796c947fa35dc5e8f20706877bb8c8584b16c4eedf3315083f983959d82b"},
  "httpotion": {:hex, :httpotion, "3.1.3", "fdaf1e16b9318dcb722de57e75ac368c93d4c6e3c9125f93e960f953a750fb77", [:mix], [{:ibrowse, "== 4.4.0", [hex: :ibrowse, repo: "hexpm", optional: false]}], "hexpm", "e420172ef697a0f1f4dc40f89a319d5a3aad90ec51fa424f08c115f04192ae43"},
  "ibrowse": {:hex, :ibrowse, "4.4.0", "2d923325efe0d2cb09b9c6a047b2835a5eda69d8a47ed6ff8bc03628b764e991", [:rebar3], [], "hexpm", "6a8e5988872086f0506bef68311493551ac5beae7c06ba2a00d5e9f97a60f1c2"},
  "jason": {:hex, :jason, "1.2.2", "ba43e3f2709fd1aa1dce90aaabfd039d000469c05c56f0b8e31978e03fa39052", [:mix], [{:decimal, "~> 1.0 or ~> 2.0", [hex: :decimal, repo: "hexpm", optional: true]}], "hexpm", "18a228f5f0058ee183f29f9eae0805c6e59d61c3b006760668d8d18ff0d12179"},
  "mailman": {:hex, :mailman, "0.4.2", "64a6eb557fb2dded6ba671cc8c427400092c50ca7afb205f1561c53164e78e64", [:mix], [{:eiconv, "~> 1.0.0", [hex: :eiconv, repo: "hexpm", optional: false]}, {:gen_smtp, "~> 0.14.0", [hex: :gen_smtp, repo: "hexpm", optional: false]}, {:httpotion, "~> 3.1.0", [hex: :httpotion, repo: "hexpm", optional: false]}], "hexpm", "7959d992b6376d7eddf16724d2c9edd0c79b0a0c1d9d35e67c168db03fd4c587"},
  "mime": {:hex, :mime, "2.0.2", "0b9e1a4c840eafb68d820b0e2158ef5c49385d17fb36855ac6e7e087d4b1dcc5", [:mix], [], "hexpm", "e6a3f76b4c277739e36c2e21a2c640778ba4c3846189d5ab19f97f126df5f9b7"},
  "mint": {:hex, :mint, "1.4.0", "cd7d2451b201fc8e4a8fd86257fb3878d9e3752899eb67b0c5b25b180bde1212", [:mix], [{:castore, "~> 0.1.0", [hex: :castore, repo: "hexpm", optional: true]}], "hexpm", "10a99e144b815cbf8522dccbc8199d15802440fc7a64d67b6853adb6fa170217"},
  "nimble_csv": {:hex, :nimble_csv, "1.2.0", "4e26385d260c61eba9d4412c71cea34421f296d5353f914afe3f2e71cce97722", [:mix], [], "hexpm", "d0628117fcc2148178b034044c55359b26966c6eaa8e2ce15777be3bbc91b12a"},
  "nimble_options": {:hex, :nimble_options, "0.3.7", "1e52dd7673d36138b1a5dede183b5d86dff175dc46d104a8e98e396b85b04670", [:mix], [], "hexpm", "2086907e6665c6b6579be54ef5001928df5231f355f71ed258f80a55e9f63633"},
  "nimble_parsec": {:hex, :nimble_parsec, "1.1.0", "3a6fca1550363552e54c216debb6a9e95bd8d32348938e13de5eda962c0d7f89", [:mix], [], "hexpm", "08eb32d66b706e913ff748f11694b17981c0b04a33ef470e33e11b3d3ac8f54b"},
  "nimble_pool": {:hex, :nimble_pool, "0.2.4", "1db8e9f8a53d967d595e0b32a17030cdb6c0dc4a451b8ac787bf601d3f7704c3", [:mix], [], "hexpm", "367e8071e137b787764e6a9992ccb57b276dc2282535f767a07d881951ebeac6"},
  "plug": {:hex, :plug, "1.12.1", "645678c800601d8d9f27ad1aebba1fdb9ce5b2623ddb961a074da0b96c35187d", [:mix], [{:mime, "~> 1.0 or ~> 2.0", [hex: :mime, repo: "hexpm", optional: false]}, {:plug_crypto, "~> 1.1.1 or ~> 1.2", [hex: :plug_crypto, repo: "hexpm", optional: false]}, {:telemetry, "~> 0.4.3 or ~> 1.0", [hex: :telemetry, repo: "hexpm", optional: false]}], "hexpm", "d57e799a777bc20494b784966dc5fbda91eb4a09f571f76545b72a634ce0d30b"},
  "plug_cowboy": {:hex, :plug_cowboy, "2.5.2", "62894ccd601cf9597e2c23911ff12798a8a18d237e9739f58a6b04e4988899fe", [:mix], [{:cowboy, "~> 2.7", [hex: :cowboy, repo: "hexpm", optional: false]}, {:cowboy_telemetry, "~> 0.3", [hex: :cowboy_telemetry, repo: "hexpm", optional: false]}, {:plug, "~> 1.7", [hex: :plug, repo: "hexpm", optional: false]}], "hexpm", "ea6e87f774c8608d60c8d34022a7d073bd7680a0a013f049fc62bf35efea1044"},
  "plug_crypto": {:hex, :plug_crypto, "1.2.2", "05654514ac717ff3a1843204b424477d9e60c143406aa94daf2274fdd280794d", [:mix], [], "hexpm", "87631c7ad914a5a445f0a3809f99b079113ae4ed4b867348dd9eec288cecb6db"},
  "pqueue": {:hex, :pqueue, "2.0.2", "00800e32699aa13db601c6582c7abb61b5a4da6d5e8c3da3b54b97cf5694e534", [:rebar3], [], "hexpm", "00f6abb7b6158aba5bf83d310ae635ec1cdfcd790c76a0e1e4bb17f77a0b9919"},
  "priority_queue": {:hex, :priority_queue, "1.0.0", "5ff5f83a764b635e71f0e41bf78b9763bb233bbac8f5733b4b09b6730bddf866", [:mix], [], "hexpm", "ba3dc420a5898d863803455c05ad870c6b6f3adb12b50ebea6cd6aeed1b358b7"},
  "ranch": {:hex, :ranch, "1.8.0", "8c7a100a139fd57f17327b6413e4167ac559fbc04ca7448e9be9057311597a1d", [:make, :rebar3], [], "hexpm", "49fbcfd3682fab1f5d109351b61257676da1a2fdbe295904176d5e521a2ddfe5"},
  "req": {:git, "https://github.com/wojtekmach/req.git", "dfbd04669887a0cc68c3cb613ab1b76e400d2f3b", []},
  "telemetry": {:hex, :telemetry, "1.0.0", "0f453a102cdf13d506b7c0ab158324c337c41f1cc7548f0bc0e130bbf0ae9452", [:rebar3], [], "hexpm", "73bc09fa59b4a0284efb4624335583c528e07ec9ae76aca96ea0673850aec57a"},
}
